
Microsoft Visual Studio Solution File, Format Version 12.00
# Visual Studio Version 16
VisualStudioVersion = 16.0.30104.148
MinimumVisualStudioVersion = 10.0.40219.1
Project("{FAE04EC0-301F-11D3-BF4B-00C04F79EFBC}") = "DevOpsSpike", "DevOpsSpike\DevOpsSpike.csproj", "{C8AACCD5-95E5-43FC-A2ED-5A0A794CDECC}"
EndProject
Global
	GlobalSection(SolutionConfigurationPlatforms) = preSolution
		Debug|Any CPU = Debug|Any CPU
		Release|Any CPU = Release|Any CPU
	EndGlobalSection
	GlobalSection(ProjectConfigurationPlatforms) = postSolution
		{C8AACCD5-95E5-43FC-A2ED-5A0A794CDECC}.Debug|Any CPU.ActiveCfg = Debug|Any CPU
		{C8AACCD5-95E5-43FC-A2ED-5A0A794CDECC}.Debug|Any CPU.Build.0 = Debug|Any CPU
		{C8AACCD5-95E5-43FC-A2ED-5A0A794CDECC}.Release|Any CPU.ActiveCfg = Release|Any CPU
		{C8AACCD5-95E5-43FC-A2ED-5A0A794CDECC}.Release|Any CPU.Build.0 = Release|Any CPU
	EndGlobalSection
	GlobalSection(SolutionProperties) = preSolution
		HideSolutionNode = FALSE
	EndGlobalSection
	GlobalSection(ExtensibilityGlobals) = postSolution
		SolutionGuid = {DF8CE925-BE92-4A7E-BA41-7D148832ACE6}
	EndGlobalSection
EndGlobal
